
Microsoft Visual Studio Solution File, Format Version 11.00
# Visual Studio 2010
Project("{8BC9CEB8-8B4A-11D0-8D11-00A0C91BC942}") = "KLogger", "KLogger\KLogger.vcxproj", "{86DA163C-FEDE-4841-8366-08DD85FC0FCD}"
EndProject
Project("{8BC9CEB8-8B4A-11D0-8D11-00A0C91BC942}") = "KLogTester", "KLogTester\KLogTester.vcxproj", "{B648756A-48D0-4CB6-94AD-BA773544396E}"
EndProject
Global
	GlobalSection(SolutionConfigurationPlatforms) = preSolution
		Debug|Mixed Platforms = Debug|Mixed Platforms
		Debug|Win32 = Debug|Win32
		Debug|x86 = Debug|x86
		Release|Mixed Platforms = Release|Mixed Platforms
		Release|Win32 = Release|Win32
		Release|x86 = Release|x86
	EndGlobalSection
	GlobalSection(ProjectConfigurationPlatforms) = postSolution
		{86DA163C-FEDE-4841-8366-08DD85FC0FCD}.Debug|Mixed Platforms.ActiveCfg = Debug|Win32
		{86DA163C-FEDE-4841-8366-08DD85FC0FCD}.Debug|Mixed Platforms.Build.0 = Debug|Win32
		{86DA163C-FEDE-4841-8366-08DD85FC0FCD}.Debug|Win32.ActiveCfg = Debug|Win32
		{86DA163C-FEDE-4841-8366-08DD85FC0FCD}.Debug|Win32.Build.0 = Debug|Win32
		{86DA163C-FEDE-4841-8366-08DD85FC0FCD}.Debug|x86.ActiveCfg = Debug|Win32
		{86DA163C-FEDE-4841-8366-08DD85FC0FCD}.Release|Mixed Platforms.ActiveCfg = Release|Win32
		{86DA163C-FEDE-4841-8366-08DD85FC0FCD}.Release|Mixed Platforms.Build.0 = Release|Win32
		{86DA163C-FEDE-4841-8366-08DD85FC0FCD}.Release|Win32.ActiveCfg = Release|Win32
		{86DA163C-FEDE-4841-8366-08DD85FC0FCD}.Release|Win32.Build.0 = Release|Win32
		{86DA163C-FEDE-4841-8366-08DD85FC0FCD}.Release|x86.ActiveCfg = Release|Win32
		{B648756A-48D0-4CB6-94AD-BA773544396E}.Debug|Mixed Platforms.ActiveCfg = Debug|Win32
		{B648756A-48D0-4CB6-94AD-BA773544396E}.Debug|Mixed Platforms.Build.0 = Debug|Win32
		{B648756A-48D0-4CB6-94AD-BA773544396E}.Debug|Win32.ActiveCfg = Debug|Win32
		{B648756A-48D0-4CB6-94AD-BA773544396E}.Debug|Win32.Build.0 = Debug|Win32
		{B648756A-48D0-4CB6-94AD-BA773544396E}.Debug|x86.ActiveCfg = Debug|Win32
		{B648756A-48D0-4CB6-94AD-BA773544396E}.Release|Mixed Platforms.ActiveCfg = Release|Win32
		{B648756A-48D0-4CB6-94AD-BA773544396E}.Release|Mixed Platforms.Build.0 = Release|Win32
		{B648756A-48D0-4CB6-94AD-BA773544396E}.Release|Win32.ActiveCfg = Release|Win32
		{B648756A-48D0-4CB6-94AD-BA773544396E}.Release|Win32.Build.0 = Release|Win32
		{B648756A-48D0-4CB6-94AD-BA773544396E}.Release|x86.ActiveCfg = Release|Win32
	EndGlobalSection
	GlobalSection(SolutionProperties) = preSolution
		HideSolutionNode = FALSE
	EndGlobalSection
EndGlobal
